
Microsoft Visual Studio Solution File, Format Version 12.00
# Visual Studio Version 16
VisualStudioVersion = 16.0.32002.261
MinimumVisualStudioVersion = 10.0.40219.1
Project("{FAE04EC0-301F-11D3-BF4B-00C04F79EFBC}") = "CicuitBrakerLab", "CicuitBrakerLab.csproj", "{2F4FACAD-101B-4FC8-8BB6-4E2996C36D04}"
EndProject
Global
	GlobalSection(SolutionConfigurationPlatforms) = preSolution
		Debug|Any CPU = Debug|Any CPU
		Release|Any CPU = Release|Any CPU
	EndGlobalSection
	GlobalSection(ProjectConfigurationPlatforms) = postSolution
		{2F4FACAD-101B-4FC8-8BB6-4E2996C36D04}.Debug|Any CPU.ActiveCfg = Debug|Any CPU
		{2F4FACAD-101B-4FC8-8BB6-4E2996C36D04}.Debug|Any CPU.Build.0 = Debug|Any CPU
		{2F4FACAD-101B-4FC8-8BB6-4E2996C36D04}.Release|Any CPU.ActiveCfg = Release|Any CPU
		{2F4FACAD-101B-4FC8-8BB6-4E2996C36D04}.Release|Any CPU.Build.0 = Release|Any CPU
	EndGlobalSection
	GlobalSection(SolutionProperties) = preSolution
		HideSolutionNode = FALSE
	EndGlobalSection
	GlobalSection(ExtensibilityGlobals) = postSolution
		SolutionGuid = {217D2C48-AE6F-436E-9CF4-CFEE65215622}
	EndGlobalSection
EndGlobal
